
Microsoft Visual Studio Solution File, Format Version 12.00
# Visual Studio Version 16
VisualStudioVersion = 16.0.31424.327
MinimumVisualStudioVersion = 10.0.40219.1
Project("{FAE04EC0-301F-11D3-BF4B-00C04F79EFBC}") = "Struct challenge", "Struct challenge.csproj", "{CD25AA2E-24D1-4FA5-ADC3-A0BE3E4F5DE9}"
EndProject
Global
	GlobalSection(SolutionConfigurationPlatforms) = preSolution
		Debug|Any CPU = Debug|Any CPU
		Release|Any CPU = Release|Any CPU
	EndGlobalSection
	GlobalSection(ProjectConfigurationPlatforms) = postSolution
		{CD25AA2E-24D1-4FA5-ADC3-A0BE3E4F5DE9}.Debug|Any CPU.ActiveCfg = Debug|Any CPU
		{CD25AA2E-24D1-4FA5-ADC3-A0BE3E4F5DE9}.Debug|Any CPU.Build.0 = Debug|Any CPU
		{CD25AA2E-24D1-4FA5-ADC3-A0BE3E4F5DE9}.Release|Any CPU.ActiveCfg = Release|Any CPU
		{CD25AA2E-24D1-4FA5-ADC3-A0BE3E4F5DE9}.Release|Any CPU.Build.0 = Release|Any CPU
	EndGlobalSection
	GlobalSection(SolutionProperties) = preSolution
		HideSolutionNode = FALSE
	EndGlobalSection
	GlobalSection(ExtensibilityGlobals) = postSolution
		SolutionGuid = {2596794C-1453-4842-9CF3-8619225871EC}
	EndGlobalSection
EndGlobal
